
Microsoft Visual Studio Solution File, Format Version 12.00
# Visual Studio Version 17
VisualStudioVersion = 17.3.32825.248
MinimumVisualStudioVersion = 10.0.40219.1
Project("{FAE04EC0-301F-11D3-BF4B-00C04F79EFBC}") = "Lib", "Lib\Lib.csproj", "{C9299555-9BCD-4CBF-AF93-2F19275D02A8}"
EndProject
Project("{FAE04EC0-301F-11D3-BF4B-00C04F79EFBC}") = "Moon", "Moon\Moon.csproj", "{233E6D8F-63DE-4E48-A8B7-9C97CC440451}"
EndProject
Project("{FAE04EC0-301F-11D3-BF4B-00C04F79EFBC}") = "Moon [2]", "Moon [2]\Moon [2].csproj", "{7CDC6C91-3AC7-4561-809B-ED106F5FB731}"
EndProject
Global
	GlobalSection(SolutionConfigurationPlatforms) = preSolution
		Debug|Any CPU = Debug|Any CPU
		Release|Any CPU = Release|Any CPU
	EndGlobalSection
	GlobalSection(ProjectConfigurationPlatforms) = postSolution
		{C9299555-9BCD-4CBF-AF93-2F19275D02A8}.Debug|Any CPU.ActiveCfg = Debug|Any CPU
		{C9299555-9BCD-4CBF-AF93-2F19275D02A8}.Debug|Any CPU.Build.0 = Debug|Any CPU
		{C9299555-9BCD-4CBF-AF93-2F19275D02A8}.Release|Any CPU.ActiveCfg = Release|Any CPU
		{C9299555-9BCD-4CBF-AF93-2F19275D02A8}.Release|Any CPU.Build.0 = Release|Any CPU
		{233E6D8F-63DE-4E48-A8B7-9C97CC440451}.Debug|Any CPU.ActiveCfg = Debug|Any CPU
		{233E6D8F-63DE-4E48-A8B7-9C97CC440451}.Debug|Any CPU.Build.0 = Debug|Any CPU
		{233E6D8F-63DE-4E48-A8B7-9C97CC440451}.Release|Any CPU.ActiveCfg = Release|Any CPU
		{233E6D8F-63DE-4E48-A8B7-9C97CC440451}.Release|Any CPU.Build.0 = Release|Any CPU
		{7CDC6C91-3AC7-4561-809B-ED106F5FB731}.Debug|Any CPU.ActiveCfg = Debug|Any CPU
		{7CDC6C91-3AC7-4561-809B-ED106F5FB731}.Debug|Any CPU.Build.0 = Debug|Any CPU
		{7CDC6C91-3AC7-4561-809B-ED106F5FB731}.Release|Any CPU.ActiveCfg = Release|Any CPU
		{7CDC6C91-3AC7-4561-809B-ED106F5FB731}.Release|Any CPU.Build.0 = Release|Any CPU
	EndGlobalSection
	GlobalSection(SolutionProperties) = preSolution
		HideSolutionNode = FALSE
	EndGlobalSection
	GlobalSection(ExtensibilityGlobals) = postSolution
		SolutionGuid = {EFAC220C-5C36-47DA-8FE7-35A4B81B279A}
	EndGlobalSection
EndGlobal
